Microsoft Visual Studio Solution File, Format Version 12.00
# Visual Studio Version 17
VisualStudioVersion = 17.5.2.0
MinimumVisualStudioVersion = 10.0.40219.1
Project("{FAE04EC0-301F-11D3-BF4B-00C04F79EFBC}") = "SearchEngine.Web", "BasicSearchEngine.Web.Blazor\SearchEngine.Web.csproj", "{CF0E6EFB-37FC-6EEC-9F70-61DDDDA55E59}"
EndProject
Global
	GlobalSection(SolutionConfigurationPlatforms) = preSolution
		Debug|Any CPU = Debug|Any CPU
		Release|Any CPU = Release|Any CPU
	EndGlobalSection
	GlobalSection(ProjectConfigurationPlatforms) = postSolution
		{CF0E6EFB-37FC-6EEC-9F70-61DDDDA55E59}.Debug|Any CPU.ActiveCfg = Debug|Any CPU
		{CF0E6EFB-37FC-6EEC-9F70-61DDDDA55E59}.Debug|Any CPU.Build.0 = Debug|Any CPU
		{CF0E6EFB-37FC-6EEC-9F70-61DDDDA55E59}.Release|Any CPU.ActiveCfg = Release|Any CPU
		{CF0E6EFB-37FC-6EEC-9F70-61DDDDA55E59}.Release|Any CPU.Build.0 = Release|Any CPU
	EndGlobalSection
	GlobalSection(SolutionProperties) = preSolution
		HideSolutionNode = FALSE
	EndGlobalSection
	GlobalSection(ExtensibilityGlobals) = postSolution
		SolutionGuid = {29623C05-1DA6-4BCC-9FE1-3226D2D9812E}
	EndGlobalSection
EndGlobal
